
Microsoft Visual Studio Solution File, Format Version 12.00
# Visual Studio 14
VisualStudioVersion = 14.0.25420.1
MinimumVisualStudioVersion = 10.0.40219.1
Project("{2150E333-8FDC-42A3-9474-1A3956D46DE8}") = ".build", ".build", "{20754D8E-F79C-4F5D-B055-DDDE4C07723D}"
	ProjectSection(SolutionItems) = preProject
		appveyor.yml = appveyor.yml
		change-log.md = change-log.md
		global.json = global.json
		Readme.md = Readme.md
	EndProjectSection
EndProject
Project("{2150E333-8FDC-42A3-9474-1A3956D46DE8}") = ".nuget", ".nuget", "{5F0404D1-7F74-4860-B1C7-A0B58894D7BE}"
	ProjectSection(SolutionItems) = preProject
		src\Arragro\.nuget\NuGet.Config = src\Arragro\.nuget\NuGet.Config
		src\Arragro\.nuget\NuGet.exe = src\Arragro\.nuget\NuGet.exe
		src\Arragro\.nuget\NuGet.targets = src\Arragro\.nuget\NuGet.targets
	EndProjectSection
EndProject
Project("{2150E333-8FDC-42A3-9474-1A3956D46DE8}") = "Solution Items", "Solution Items", "{673557DB-A079-469B-AD62-BE5741F71865}"
	ProjectSection(SolutionItems) = preProject
		LICENSE = LICENSE
		Readme.md = Readme.md
	EndProjectSection
EndProject
Project("{2150E333-8FDC-42A3-9474-1A3956D46DE8}") = "tests", "tests", "{89DA5227-7BAF-4778-9166-81D6D7FB7224}"
EndProject
Project("{8BB2217D-0F2D-49D1-97BC-3654ED321F3B}") = "Arragro.Common", "src\Arragro.Common\Arragro.Common.xproj", "{0C03CE78-3696-42E6-8E59-900592D4E583}"
EndProject
Project("{8BB2217D-0F2D-49D1-97BC-3654ED321F3B}") = "Arragro.Common.Tests", "tests\Arragro.Common.Tests\Arragro.Common.Tests.xproj", "{8D810B49-AF4F-4A7E-B24F-A94457D6ED6A}"
EndProject
Project("{8BB2217D-0F2D-49D1-97BC-3654ED321F3B}") = "Arragro.TestBase", "tests\Arragro.TestBase\Arragro.TestBase.xproj", "{2CDDDAE4-3D27-4A18-AAEF-27C7F06E17E8}"
EndProject
Global
	GlobalSection(SolutionConfigurationPlatforms) = preSolution
		Debug|Any CPU = Debug|Any CPU
		Release|Any CPU = Release|Any CPU
	EndGlobalSection
	GlobalSection(ProjectConfigurationPlatforms) = postSolution
		{0C03CE78-3696-42E6-8E59-900592D4E583}.Debug|Any CPU.ActiveCfg = Debug|Any CPU
		{0C03CE78-3696-42E6-8E59-900592D4E583}.Debug|Any CPU.Build.0 = Debug|Any CPU
		{0C03CE78-3696-42E6-8E59-900592D4E583}.Release|Any CPU.ActiveCfg = Release|Any CPU
		{0C03CE78-3696-42E6-8E59-900592D4E583}.Release|Any CPU.Build.0 = Release|Any CPU
		{8D810B49-AF4F-4A7E-B24F-A94457D6ED6A}.Debug|Any CPU.ActiveCfg = Debug|Any CPU
		{8D810B49-AF4F-4A7E-B24F-A94457D6ED6A}.Debug|Any CPU.Build.0 = Debug|Any CPU
		{8D810B49-AF4F-4A7E-B24F-A94457D6ED6A}.Release|Any CPU.ActiveCfg = Release|Any CPU
		{8D810B49-AF4F-4A7E-B24F-A94457D6ED6A}.Release|Any CPU.Build.0 = Release|Any CPU
		{2CDDDAE4-3D27-4A18-AAEF-27C7F06E17E8}.Debug|Any CPU.ActiveCfg = Debug|Any CPU
		{2CDDDAE4-3D27-4A18-AAEF-27C7F06E17E8}.Debug|Any CPU.Build.0 = Debug|Any CPU
		{2CDDDAE4-3D27-4A18-AAEF-27C7F06E17E8}.Release|Any CPU.ActiveCfg = Release|Any CPU
		{2CDDDAE4-3D27-4A18-AAEF-27C7F06E17E8}.Release|Any CPU.Build.0 = Release|Any CPU
	EndGlobalSection
	GlobalSection(SolutionProperties) = preSolution
		HideSolutionNode = FALSE
	EndGlobalSection
	GlobalSection(NestedProjects) = preSolution
		{8D810B49-AF4F-4A7E-B24F-A94457D6ED6A} = {89DA5227-7BAF-4778-9166-81D6D7FB7224}
		{2CDDDAE4-3D27-4A18-AAEF-27C7F06E17E8} = {89DA5227-7BAF-4778-9166-81D6D7FB7224}
	EndGlobalSection
EndGlobal
