
Microsoft Visual Studio Solution File, Format Version 12.00
# Visual Studio 14
VisualStudioVersion = 14.0.23107.0
MinimumVisualStudioVersion = 10.0.40219.1
Project("{FAE04EC0-301F-11D3-BF4B-00C04F79EFBC}") = "Arragro.Common", "Arragro.Common\Arragro.Common.csproj", "{DF7F6387-5D1A-4E62-B136-0C85E4175E1B}"
EndProject
Project("{2150E333-8FDC-42A3-9474-1A3956D46DE8}") = ".build", ".build", "{20754D8E-F79C-4F5D-B055-DDDE4C07723D}"
	ProjectSection(SolutionItems) = preProject
		..\appveyor.yml = ..\appveyor.yml
		..\change-log.md = ..\change-log.md
		..\Readme.md = ..\Readme.md
	EndProjectSection
EndProject
Project("{2150E333-8FDC-42A3-9474-1A3956D46DE8}") = ".nuget", ".nuget", "{5F0404D1-7F74-4860-B1C7-A0B58894D7BE}"
	ProjectSection(SolutionItems) = preProject
		Arragro\.nuget\NuGet.Config = Arragro\.nuget\NuGet.Config
		Arragro\.nuget\NuGet.exe = Arragro\.nuget\NuGet.exe
		Arragro\.nuget\NuGet.targets = Arragro\.nuget\NuGet.targets
	EndProjectSection
EndProject
Project("{FAE04EC0-301F-11D3-BF4B-00C04F79EFBC}") = "Arragro.EF6", "Arragro.EF6\Arragro.EF6.csproj", "{2F1ACB16-1B19-41E2-90C0-1D2B36405288}"
EndProject
Project("{2150E333-8FDC-42A3-9474-1A3956D46DE8}") = "Solution Items", "Solution Items", "{673557DB-A079-469B-AD62-BE5741F71865}"
	ProjectSection(SolutionItems) = preProject
		..\LICENSE = ..\LICENSE
		..\Readme.md = ..\Readme.md
	EndProjectSection
EndProject
Project("{FAE04EC0-301F-11D3-BF4B-00C04F79EFBC}") = "Arragro.Log4Net", "Arragro.Log4Net\Arragro.Log4Net.csproj", "{EB030218-2E77-4852-97CA-23B97DA84BB0}"
EndProject
Project("{FAE04EC0-301F-11D3-BF4B-00C04F79EFBC}") = "Arragro.Mvc", "Arragro.Mvc\Arragro.Mvc.csproj", "{766BB180-76DB-4F74-889C-569D146F0F42}"
EndProject
Project("{FAE04EC0-301F-11D3-BF4B-00C04F79EFBC}") = "Arragro.ObjectLogging", "Arragro.ObjectLogging\Arragro.ObjectLogging.csproj", "{41EBB0E3-D075-49F5-BC23-67F034EBE8EC}"
EndProject
Project("{FAE04EC0-301F-11D3-BF4B-00C04F79EFBC}") = "Arragro.ObjectLogging.Mvc", "Arragro.ObjectLogging.Mvc\Arragro.ObjectLogging.Mvc.csproj", "{91F09308-2498-4DA7-829B-B00CF95573B9}"
EndProject
Project("{FAE04EC0-301F-11D3-BF4B-00C04F79EFBC}") = "Arragro.Azure", "Arragro.Azure\Arragro.Azure.csproj", "{7D6D09AC-11B9-41A9-BDA7-C1918DA85A6E}"
EndProject
Project("{FAE04EC0-301F-11D3-BF4B-00C04F79EFBC}") = "Arragro.Google.Apis", "Arragro.Google.Apis\Arragro.Google.Apis.csproj", "{00CC675B-3F4A-44A6-A458-2E2773B8652F}"
EndProject
Project("{FAE04EC0-301F-11D3-BF4B-00C04F79EFBC}") = "Arragro.WebApi", "Arragro.WebApi\Arragro.WebApi.csproj", "{C46070FC-0B44-439C-BE72-627485154F29}"
EndProject
Project("{FAE04EC0-301F-11D3-BF4B-00C04F79EFBC}") = "Arragro.WebApi.Client", "Arragro.WebApi.Client\Arragro.WebApi.Client.csproj", "{1F7A78BD-892C-4F86-BC2D-310AA805B339}"
EndProject
Project("{FAE04EC0-301F-11D3-BF4B-00C04F79EFBC}") = "Arragro.Redis", "Arragro.Redis\Arragro.Redis.csproj", "{59174687-5E0C-455D-91A4-FE05E7E70DA6}"
EndProject
Project("{2150E333-8FDC-42A3-9474-1A3956D46DE8}") = "tests", "tests", "{89DA5227-7BAF-4778-9166-81D6D7FB7224}"
EndProject
Project("{FAE04EC0-301F-11D3-BF4B-00C04F79EFBC}") = "Arragro.Common.Tests", "..\tests\Arragro.Common.Tests\Arragro.Common.Tests.csproj", "{5F5858CD-B57E-40A5-BC7E-8B23C6511B23}"
EndProject
Project("{FAE04EC0-301F-11D3-BF4B-00C04F79EFBC}") = "Arragro.EF6.IntegrationTests", "..\tests\Arragro.EF6.IntegrationTests\Arragro.EF6.IntegrationTests.csproj", "{24A55230-FAF2-49C9-923C-49DF4A6B8590}"
EndProject
Project("{FAE04EC0-301F-11D3-BF4B-00C04F79EFBC}") = "Arragro.ObjectLogging.Tests", "..\tests\Arragro.ObjectLogging.Tests\Arragro.ObjectLogging.Tests.csproj", "{C980C73A-5897-4CEA-9433-A921106F71F4}"
EndProject
Project("{FAE04EC0-301F-11D3-BF4B-00C04F79EFBC}") = "Arragro.Redis.Integration.Tests", "..\tests\Arragro.Redis.Integration.Tests\Arragro.Redis.Integration.Tests.csproj", "{ABF94BBD-B164-47C5-80D2-1CECECC184C5}"
EndProject
Project("{FAE04EC0-301F-11D3-BF4B-00C04F79EFBC}") = "Arragro.TestBase", "..\tests\Arragro.TestBase\Arragro.TestBase.csproj", "{E2B0E486-599A-4996-92CA-6A8F258CBE79}"
EndProject
Project("{FAE04EC0-301F-11D3-BF4B-00C04F79EFBC}") = "Arragro.SendGrid", "Arragro.SendGrid\Arragro.SendGrid.csproj", "{43C06F71-61EF-47FB-B476-D1A8E4F14B8E}"
EndProject
Global
	GlobalSection(SolutionConfigurationPlatforms) = preSolution
		Debug|Any CPU = Debug|Any CPU
		Release|Any CPU = Release|Any CPU
	EndGlobalSection
	GlobalSection(ProjectConfigurationPlatforms) = postSolution
		{DF7F6387-5D1A-4E62-B136-0C85E4175E1B}.Debug|Any CPU.ActiveCfg = Debug|Any CPU
		{DF7F6387-5D1A-4E62-B136-0C85E4175E1B}.Debug|Any CPU.Build.0 = Debug|Any CPU
		{DF7F6387-5D1A-4E62-B136-0C85E4175E1B}.Release|Any CPU.ActiveCfg = Release|Any CPU
		{DF7F6387-5D1A-4E62-B136-0C85E4175E1B}.Release|Any CPU.Build.0 = Release|Any CPU
		{2F1ACB16-1B19-41E2-90C0-1D2B36405288}.Debug|Any CPU.ActiveCfg = Debug|Any CPU
		{2F1ACB16-1B19-41E2-90C0-1D2B36405288}.Debug|Any CPU.Build.0 = Debug|Any CPU
		{2F1ACB16-1B19-41E2-90C0-1D2B36405288}.Release|Any CPU.ActiveCfg = Release|Any CPU
		{2F1ACB16-1B19-41E2-90C0-1D2B36405288}.Release|Any CPU.Build.0 = Release|Any CPU
		{EB030218-2E77-4852-97CA-23B97DA84BB0}.Debug|Any CPU.ActiveCfg = Debug|Any CPU
		{EB030218-2E77-4852-97CA-23B97DA84BB0}.Debug|Any CPU.Build.0 = Debug|Any CPU
		{EB030218-2E77-4852-97CA-23B97DA84BB0}.Release|Any CPU.ActiveCfg = Release|Any CPU
		{EB030218-2E77-4852-97CA-23B97DA84BB0}.Release|Any CPU.Build.0 = Release|Any CPU
		{766BB180-76DB-4F74-889C-569D146F0F42}.Debug|Any CPU.ActiveCfg = Debug|Any CPU
		{766BB180-76DB-4F74-889C-569D146F0F42}.Debug|Any CPU.Build.0 = Debug|Any CPU
		{766BB180-76DB-4F74-889C-569D146F0F42}.Release|Any CPU.ActiveCfg = Release|Any CPU
		{766BB180-76DB-4F74-889C-569D146F0F42}.Release|Any CPU.Build.0 = Release|Any CPU
		{41EBB0E3-D075-49F5-BC23-67F034EBE8EC}.Debug|Any CPU.ActiveCfg = Debug|Any CPU
		{41EBB0E3-D075-49F5-BC23-67F034EBE8EC}.Debug|Any CPU.Build.0 = Debug|Any CPU
		{41EBB0E3-D075-49F5-BC23-67F034EBE8EC}.Release|Any CPU.ActiveCfg = Release|Any CPU
		{41EBB0E3-D075-49F5-BC23-67F034EBE8EC}.Release|Any CPU.Build.0 = Release|Any CPU
		{91F09308-2498-4DA7-829B-B00CF95573B9}.Debug|Any CPU.ActiveCfg = Debug|Any CPU
		{91F09308-2498-4DA7-829B-B00CF95573B9}.Debug|Any CPU.Build.0 = Debug|Any CPU
		{91F09308-2498-4DA7-829B-B00CF95573B9}.Release|Any CPU.ActiveCfg = Release|Any CPU
		{91F09308-2498-4DA7-829B-B00CF95573B9}.Release|Any CPU.Build.0 = Release|Any CPU
		{7D6D09AC-11B9-41A9-BDA7-C1918DA85A6E}.Debug|Any CPU.ActiveCfg = Debug|Any CPU
		{7D6D09AC-11B9-41A9-BDA7-C1918DA85A6E}.Debug|Any CPU.Build.0 = Debug|Any CPU
		{7D6D09AC-11B9-41A9-BDA7-C1918DA85A6E}.Release|Any CPU.ActiveCfg = Release|Any CPU
		{7D6D09AC-11B9-41A9-BDA7-C1918DA85A6E}.Release|Any CPU.Build.0 = Release|Any CPU
		{00CC675B-3F4A-44A6-A458-2E2773B8652F}.Debug|Any CPU.ActiveCfg = Debug|Any CPU
		{00CC675B-3F4A-44A6-A458-2E2773B8652F}.Debug|Any CPU.Build.0 = Debug|Any CPU
		{00CC675B-3F4A-44A6-A458-2E2773B8652F}.Release|Any CPU.ActiveCfg = Release|Any CPU
		{00CC675B-3F4A-44A6-A458-2E2773B8652F}.Release|Any CPU.Build.0 = Release|Any CPU
		{C46070FC-0B44-439C-BE72-627485154F29}.Debug|Any CPU.ActiveCfg = Debug|Any CPU
		{C46070FC-0B44-439C-BE72-627485154F29}.Debug|Any CPU.Build.0 = Debug|Any CPU
		{C46070FC-0B44-439C-BE72-627485154F29}.Release|Any CPU.ActiveCfg = Release|Any CPU
		{C46070FC-0B44-439C-BE72-627485154F29}.Release|Any CPU.Build.0 = Release|Any CPU
		{1F7A78BD-892C-4F86-BC2D-310AA805B339}.Debug|Any CPU.ActiveCfg = Debug|Any CPU
		{1F7A78BD-892C-4F86-BC2D-310AA805B339}.Debug|Any CPU.Build.0 = Debug|Any CPU
		{1F7A78BD-892C-4F86-BC2D-310AA805B339}.Release|Any CPU.ActiveCfg = Release|Any CPU
		{1F7A78BD-892C-4F86-BC2D-310AA805B339}.Release|Any CPU.Build.0 = Release|Any CPU
		{59174687-5E0C-455D-91A4-FE05E7E70DA6}.Debug|Any CPU.ActiveCfg = Debug|Any CPU
		{59174687-5E0C-455D-91A4-FE05E7E70DA6}.Debug|Any CPU.Build.0 = Debug|Any CPU
		{59174687-5E0C-455D-91A4-FE05E7E70DA6}.Release|Any CPU.ActiveCfg = Release|Any CPU
		{59174687-5E0C-455D-91A4-FE05E7E70DA6}.Release|Any CPU.Build.0 = Release|Any CPU
		{5F5858CD-B57E-40A5-BC7E-8B23C6511B23}.Debug|Any CPU.ActiveCfg = Debug|Any CPU
		{5F5858CD-B57E-40A5-BC7E-8B23C6511B23}.Debug|Any CPU.Build.0 = Debug|Any CPU
		{5F5858CD-B57E-40A5-BC7E-8B23C6511B23}.Release|Any CPU.ActiveCfg = Release|Any CPU
		{5F5858CD-B57E-40A5-BC7E-8B23C6511B23}.Release|Any CPU.Build.0 = Release|Any CPU
		{24A55230-FAF2-49C9-923C-49DF4A6B8590}.Debug|Any CPU.ActiveCfg = Debug|Any CPU
		{24A55230-FAF2-49C9-923C-49DF4A6B8590}.Debug|Any CPU.Build.0 = Debug|Any CPU
		{24A55230-FAF2-49C9-923C-49DF4A6B8590}.Release|Any CPU.ActiveCfg = Release|Any CPU
		{24A55230-FAF2-49C9-923C-49DF4A6B8590}.Release|Any CPU.Build.0 = Release|Any CPU
		{C980C73A-5897-4CEA-9433-A921106F71F4}.Debug|Any CPU.ActiveCfg = Debug|Any CPU
		{C980C73A-5897-4CEA-9433-A921106F71F4}.Debug|Any CPU.Build.0 = Debug|Any CPU
		{C980C73A-5897-4CEA-9433-A921106F71F4}.Release|Any CPU.ActiveCfg = Release|Any CPU
		{C980C73A-5897-4CEA-9433-A921106F71F4}.Release|Any CPU.Build.0 = Release|Any CPU
		{ABF94BBD-B164-47C5-80D2-1CECECC184C5}.Debug|Any CPU.ActiveCfg = Debug|Any CPU
		{ABF94BBD-B164-47C5-80D2-1CECECC184C5}.Debug|Any CPU.Build.0 = Debug|Any CPU
		{ABF94BBD-B164-47C5-80D2-1CECECC184C5}.Release|Any CPU.ActiveCfg = Release|Any CPU
		{ABF94BBD-B164-47C5-80D2-1CECECC184C5}.Release|Any CPU.Build.0 = Release|Any CPU
		{E2B0E486-599A-4996-92CA-6A8F258CBE79}.Debug|Any CPU.ActiveCfg = Debug|Any CPU
		{E2B0E486-599A-4996-92CA-6A8F258CBE79}.Debug|Any CPU.Build.0 = Debug|Any CPU
		{E2B0E486-599A-4996-92CA-6A8F258CBE79}.Release|Any CPU.ActiveCfg = Release|Any CPU
		{E2B0E486-599A-4996-92CA-6A8F258CBE79}.Release|Any CPU.Build.0 = Release|Any CPU
		{43C06F71-61EF-47FB-B476-D1A8E4F14B8E}.Debug|Any CPU.ActiveCfg = Debug|Any CPU
		{43C06F71-61EF-47FB-B476-D1A8E4F14B8E}.Debug|Any CPU.Build.0 = Debug|Any CPU
		{43C06F71-61EF-47FB-B476-D1A8E4F14B8E}.Release|Any CPU.ActiveCfg = Release|Any CPU
		{43C06F71-61EF-47FB-B476-D1A8E4F14B8E}.Release|Any CPU.Build.0 = Release|Any CPU
	EndGlobalSection
	GlobalSection(SolutionProperties) = preSolution
		HideSolutionNode = FALSE
	EndGlobalSection
	GlobalSection(NestedProjects) = preSolution
		{5F5858CD-B57E-40A5-BC7E-8B23C6511B23} = {89DA5227-7BAF-4778-9166-81D6D7FB7224}
		{24A55230-FAF2-49C9-923C-49DF4A6B8590} = {89DA5227-7BAF-4778-9166-81D6D7FB7224}
		{C980C73A-5897-4CEA-9433-A921106F71F4} = {89DA5227-7BAF-4778-9166-81D6D7FB7224}
		{ABF94BBD-B164-47C5-80D2-1CECECC184C5} = {89DA5227-7BAF-4778-9166-81D6D7FB7224}
		{E2B0E486-599A-4996-92CA-6A8F258CBE79} = {89DA5227-7BAF-4778-9166-81D6D7FB7224}
	EndGlobalSection
EndGlobal
